
Microsoft Visual Studio Solution File, Format Version 12.00
# Visual Studio Version 17
VisualStudioVersion = 17.7.34024.191
MinimumVisualStudioVersion = 10.0.40219.1
Project("{FAE04EC0-301F-11D3-BF4B-00C04F79EFBC}") = "Esercitazione2", "Esercitazione2\Esercitazione2.csproj", "{CA144FFC-1F9E-4582-AA63-99CCA3E5D90C}"
EndProject
Global
	GlobalSection(SolutionConfigurationPlatforms) = preSolution
		Debug|Any CPU = Debug|Any CPU
		Release|Any CPU = Release|Any CPU
	EndGlobalSection
	GlobalSection(ProjectConfigurationPlatforms) = postSolution
		{CA144FFC-1F9E-4582-AA63-99CCA3E5D90C}.Debug|Any CPU.ActiveCfg = Debug|Any CPU
		{CA144FFC-1F9E-4582-AA63-99CCA3E5D90C}.Debug|Any CPU.Build.0 = Debug|Any CPU
		{CA144FFC-1F9E-4582-AA63-99CCA3E5D90C}.Release|Any CPU.ActiveCfg = Release|Any CPU
		{CA144FFC-1F9E-4582-AA63-99CCA3E5D90C}.Release|Any CPU.Build.0 = Release|Any CPU
	EndGlobalSection
	GlobalSection(SolutionProperties) = preSolution
		HideSolutionNode = FALSE
	EndGlobalSection
	GlobalSection(ExtensibilityGlobals) = postSolution
		SolutionGuid = {D8718A8F-3F37-4434-8E9C-3A961ECAFD22}
	EndGlobalSection
EndGlobal
