
Microsoft Visual Studio Solution File, Format Version 12.00
# Visual Studio Version 17
VisualStudioVersion = 17.7.34024.191
MinimumVisualStudioVersion = 10.0.40219.1
Project("{FAE04EC0-301F-11D3-BF4B-00C04F79EFBC}") = "CurriculumBuilder", "CurriculumBuilder\CurriculumBuilder.csproj", "{FBDAF261-6881-4919-BD06-39D61EEB61BC}"
EndProject
Global
	GlobalSection(SolutionConfigurationPlatforms) = preSolution
		Debug|Any CPU = Debug|Any CPU
		Release|Any CPU = Release|Any CPU
	EndGlobalSection
	GlobalSection(ProjectConfigurationPlatforms) = postSolution
		{FBDAF261-6881-4919-BD06-39D61EEB61BC}.Debug|Any CPU.ActiveCfg = Debug|Any CPU
		{FBDAF261-6881-4919-BD06-39D61EEB61BC}.Debug|Any CPU.Build.0 = Debug|Any CPU
		{FBDAF261-6881-4919-BD06-39D61EEB61BC}.Release|Any CPU.ActiveCfg = Release|Any CPU
		{FBDAF261-6881-4919-BD06-39D61EEB61BC}.Release|Any CPU.Build.0 = Release|Any CPU
	EndGlobalSection
	GlobalSection(SolutionProperties) = preSolution
		HideSolutionNode = FALSE
	EndGlobalSection
	GlobalSection(ExtensibilityGlobals) = postSolution
		SolutionGuid = {6E3B19EA-B939-4543-B7E1-E417C99175F6}
	EndGlobalSection
EndGlobal
