
Microsoft Visual Studio Solution File, Format Version 12.00
# Visual Studio Version 17
VisualStudioVersion = 17.7.34024.191
MinimumVisualStudioVersion = 10.0.40219.1
Project("{FAE04EC0-301F-11D3-BF4B-00C04F79EFBC}") = "Esercitazione", "Esercitazione\Esercitazione.csproj", "{388A567F-0EF7-42BC-8034-616C5B8182D0}"
EndProject
Global
	GlobalSection(SolutionConfigurationPlatforms) = preSolution
		Debug|Any CPU = Debug|Any CPU
		Release|Any CPU = Release|Any CPU
	EndGlobalSection
	GlobalSection(ProjectConfigurationPlatforms) = postSolution
		{388A567F-0EF7-42BC-8034-616C5B8182D0}.Debug|Any CPU.ActiveCfg = Debug|Any CPU
		{388A567F-0EF7-42BC-8034-616C5B8182D0}.Debug|Any CPU.Build.0 = Debug|Any CPU
		{388A567F-0EF7-42BC-8034-616C5B8182D0}.Release|Any CPU.ActiveCfg = Release|Any CPU
		{388A567F-0EF7-42BC-8034-616C5B8182D0}.Release|Any CPU.Build.0 = Release|Any CPU
	EndGlobalSection
	GlobalSection(SolutionProperties) = preSolution
		HideSolutionNode = FALSE
	EndGlobalSection
	GlobalSection(ExtensibilityGlobals) = postSolution
		SolutionGuid = {FCCCCC37-7E8C-4D9B-9F43-7B2BC289C708}
	EndGlobalSection
EndGlobal
